
Microsoft Visual Studio Solution File, Format Version 12.00
# Visual Studio Version 17
VisualStudioVersion = 17.13.36105.23
MinimumVisualStudioVersion = 10.0.40219.1
Project("{FAE04EC0-301F-11D3-BF4B-00C04F79EFBC}") = "SocketServer", "SocketServer\SocketServer.csproj", "{A5B1A1D2-D9E6-4181-AB68-2405696BCE50}"
EndProject
Project("{FAE04EC0-301F-11D3-BF4B-00C04F79EFBC}") = "SocketClient", "SocketClient\SocketClient.csproj", "{C6B70A23-0437-454F-BD5D-ADC179BBF193}"
EndProject
Project("{FAE04EC0-301F-11D3-BF4B-00C04F79EFBC}") = "_2_SMTP", "_2_SMTP\_2_SMTP.csproj", "{9174AF1D-343E-4AA8-84C3-6D8709D942B0}"
EndProject
Global
	GlobalSection(SolutionConfigurationPlatforms) = preSolution
		Debug|Any CPU = Debug|Any CPU
		Release|Any CPU = Release|Any CPU
	EndGlobalSection
	GlobalSection(ProjectConfigurationPlatforms) = postSolution
		{A5B1A1D2-D9E6-4181-AB68-2405696BCE50}.Debug|Any CPU.ActiveCfg = Debug|Any CPU
		{A5B1A1D2-D9E6-4181-AB68-2405696BCE50}.Debug|Any CPU.Build.0 = Debug|Any CPU
		{A5B1A1D2-D9E6-4181-AB68-2405696BCE50}.Release|Any CPU.ActiveCfg = Release|Any CPU
		{A5B1A1D2-D9E6-4181-AB68-2405696BCE50}.Release|Any CPU.Build.0 = Release|Any CPU
		{C6B70A23-0437-454F-BD5D-ADC179BBF193}.Debug|Any CPU.ActiveCfg = Debug|Any CPU
		{C6B70A23-0437-454F-BD5D-ADC179BBF193}.Debug|Any CPU.Build.0 = Debug|Any CPU
		{C6B70A23-0437-454F-BD5D-ADC179BBF193}.Release|Any CPU.ActiveCfg = Release|Any CPU
		{C6B70A23-0437-454F-BD5D-ADC179BBF193}.Release|Any CPU.Build.0 = Release|Any CPU
		{9174AF1D-343E-4AA8-84C3-6D8709D942B0}.Debug|Any CPU.ActiveCfg = Debug|Any CPU
		{9174AF1D-343E-4AA8-84C3-6D8709D942B0}.Debug|Any CPU.Build.0 = Debug|Any CPU
		{9174AF1D-343E-4AA8-84C3-6D8709D942B0}.Release|Any CPU.ActiveCfg = Release|Any CPU
		{9174AF1D-343E-4AA8-84C3-6D8709D942B0}.Release|Any CPU.Build.0 = Release|Any CPU
	EndGlobalSection
	GlobalSection(SolutionProperties) = preSolution
		HideSolutionNode = FALSE
	EndGlobalSection
	GlobalSection(ExtensibilityGlobals) = postSolution
		SolutionGuid = {F39779C7-D7F5-44C7-B1F3-1B3431FFEDAF}
	EndGlobalSection
EndGlobal
