
Microsoft Visual Studio Solution File, Format Version 12.00
# Visual Studio Version 17
VisualStudioVersion = 17.13.36105.23
MinimumVisualStudioVersion = 10.0.40219.1
Project("{FAE04EC0-301F-11D3-BF4B-00C04F79EFBC}") = "SocketServer", "SocketServer\SocketServer.csproj", "{A5B1A1D2-D9E6-4181-AB68-2405696BCE50}"
EndProject
Project("{FAE04EC0-301F-11D3-BF4B-00C04F79EFBC}") = "SocketClient", "SocketClient\SocketClient.csproj", "{C6B70A23-0437-454F-BD5D-ADC179BBF193}"
EndProject
Project("{FAE04EC0-301F-11D3-BF4B-00C04F79EFBC}") = "_2_SMTP", "_2_SMTP\_2_SMTP.csproj", "{9174AF1D-343E-4AA8-84C3-6D8709D942B0}"
EndProject
Project("{FAE04EC0-301F-11D3-BF4B-00C04F79EFBC}") = "_3_HttpClient", "_3_HttpClient\_3_HttpClient.csproj", "{A1650829-0638-4CE6-A97C-F2AAFA73B79D}"
EndProject
Project("{FAE04EC0-301F-11D3-BF4B-00C04F79EFBC}") = "_4_SendSMS", "_4_SendSMS\_4_SendSMS.csproj", "{1B7512BD-4D97-4BC1-9544-1AB3C9A3E51E}"
EndProject
Project("{FAE04EC0-301F-11D3-BF4B-00C04F79EFBC}") = "MobizonLib", "MobizonLib\MobizonLib.csproj", "{B93E38AD-1D19-4DE3-9B82-EB0497A61F5A}"
EndProject
Project("{FAE04EC0-301F-11D3-BF4B-00C04F79EFBC}") = "_5_WorkingUsers", "_5_WorkingUsers\_5_WorkingUsers.csproj", "{050F7477-8592-4D5A-84E9-7CA382EBB342}"
EndProject
Global
	GlobalSection(SolutionConfigurationPlatforms) = preSolution
		Debug|Any CPU = Debug|Any CPU
		Release|Any CPU = Release|Any CPU
	EndGlobalSection
	GlobalSection(ProjectConfigurationPlatforms) = postSolution
		{A5B1A1D2-D9E6-4181-AB68-2405696BCE50}.Debug|Any CPU.ActiveCfg = Debug|Any CPU
		{A5B1A1D2-D9E6-4181-AB68-2405696BCE50}.Debug|Any CPU.Build.0 = Debug|Any CPU
		{A5B1A1D2-D9E6-4181-AB68-2405696BCE50}.Release|Any CPU.ActiveCfg = Release|Any CPU
		{A5B1A1D2-D9E6-4181-AB68-2405696BCE50}.Release|Any CPU.Build.0 = Release|Any CPU
		{C6B70A23-0437-454F-BD5D-ADC179BBF193}.Debug|Any CPU.ActiveCfg = Debug|Any CPU
		{C6B70A23-0437-454F-BD5D-ADC179BBF193}.Debug|Any CPU.Build.0 = Debug|Any CPU
		{C6B70A23-0437-454F-BD5D-ADC179BBF193}.Release|Any CPU.ActiveCfg = Release|Any CPU
		{C6B70A23-0437-454F-BD5D-ADC179BBF193}.Release|Any CPU.Build.0 = Release|Any CPU
		{9174AF1D-343E-4AA8-84C3-6D8709D942B0}.Debug|Any CPU.ActiveCfg = Debug|Any CPU
		{9174AF1D-343E-4AA8-84C3-6D8709D942B0}.Debug|Any CPU.Build.0 = Debug|Any CPU
		{9174AF1D-343E-4AA8-84C3-6D8709D942B0}.Release|Any CPU.ActiveCfg = Release|Any CPU
		{9174AF1D-343E-4AA8-84C3-6D8709D942B0}.Release|Any CPU.Build.0 = Release|Any CPU
		{A1650829-0638-4CE6-A97C-F2AAFA73B79D}.Debug|Any CPU.ActiveCfg = Debug|Any CPU
		{A1650829-0638-4CE6-A97C-F2AAFA73B79D}.Debug|Any CPU.Build.0 = Debug|Any CPU
		{A1650829-0638-4CE6-A97C-F2AAFA73B79D}.Release|Any CPU.ActiveCfg = Release|Any CPU
		{A1650829-0638-4CE6-A97C-F2AAFA73B79D}.Release|Any CPU.Build.0 = Release|Any CPU
		{1B7512BD-4D97-4BC1-9544-1AB3C9A3E51E}.Debug|Any CPU.ActiveCfg = Debug|Any CPU
		{1B7512BD-4D97-4BC1-9544-1AB3C9A3E51E}.Debug|Any CPU.Build.0 = Debug|Any CPU
		{1B7512BD-4D97-4BC1-9544-1AB3C9A3E51E}.Release|Any CPU.ActiveCfg = Release|Any CPU
		{1B7512BD-4D97-4BC1-9544-1AB3C9A3E51E}.Release|Any CPU.Build.0 = Release|Any CPU
		{B93E38AD-1D19-4DE3-9B82-EB0497A61F5A}.Debug|Any CPU.ActiveCfg = Debug|Any CPU
		{B93E38AD-1D19-4DE3-9B82-EB0497A61F5A}.Debug|Any CPU.Build.0 = Debug|Any CPU
		{B93E38AD-1D19-4DE3-9B82-EB0497A61F5A}.Release|Any CPU.ActiveCfg = Release|Any CPU
		{B93E38AD-1D19-4DE3-9B82-EB0497A61F5A}.Release|Any CPU.Build.0 = Release|Any CPU
		{050F7477-8592-4D5A-84E9-7CA382EBB342}.Debug|Any CPU.ActiveCfg = Debug|Any CPU
		{050F7477-8592-4D5A-84E9-7CA382EBB342}.Debug|Any CPU.Build.0 = Debug|Any CPU
		{050F7477-8592-4D5A-84E9-7CA382EBB342}.Release|Any CPU.ActiveCfg = Release|Any CPU
		{050F7477-8592-4D5A-84E9-7CA382EBB342}.Release|Any CPU.Build.0 = Release|Any CPU
	EndGlobalSection
	GlobalSection(SolutionProperties) = preSolution
		HideSolutionNode = FALSE
	EndGlobalSection
	GlobalSection(ExtensibilityGlobals) = postSolution
		SolutionGuid = {F39779C7-D7F5-44C7-B1F3-1B3431FFEDAF}
	EndGlobalSection
EndGlobal
